// !$*UTF8*$!
{
	archiveVersion = 1;
	classes = {
	};
	objectVersion = 50;
	objects = {

/* Begin PBXBuildFile section */
		4EDAFC7426E1A51A007978C3 /* AppDelegate.swift in Sources */ = {isa = PBXBuildFile; fileRef = 4EDAFC7326E1A51A007978C3 /* AppDelegate.swift */; };
		4EDAFC7626E1A51A007978C3 /* SceneDelegate.swift in Sources */ = {isa = PBXBuildFile; fileRef = 4EDAFC7526E1A51A007978C3 /* SceneDelegate.swift */; };
		4EDAFC7826E1A51A007978C3 /* ViewController.swift in Sources */ = {isa = PBXBuildFile; fileRef = 4EDAFC7726E1A51A007978C3 /* ViewController.swift */; };
		4EDAFC7B26E1A51A007978C3 /* Main.storyboard in Resources */ = {isa = PBXBuildFile; fileRef = 4EDAFC7926E1A51A007978C3 /* Main.storyboard */; };
		4EDAFC7D26E1A51A007978C3 /* Assets.xcassets in Resources */ = {isa = PBXBuildFile; fileRef = 4EDAFC7C26E1A51A007978C3 /* Assets.xcassets */; };
		4EDAFC8026E1A51A007978C3 /* LaunchScreen.storyboard in Resources */ = {isa = PBXBuildFile; fileRef = 4EDAFC7E26E1A51A007978C3 /* LaunchScreen.storyboard */; };
		4EDAFC8B26E1A51B007978C3 /* BelajarQRCodeScanGenerateTests.swift in Sources */ = {isa = PBXBuildFile; fileRef = 4EDAFC8A26E1A51B007978C3 /* BelajarQRCodeScanGenerateTests.swift */; };
		4EDAFC9626E1A51B007978C3 /* BelajarQRCodeScanGenerateUITests.swift in Sources */ = {isa = PBXBuildFile; fileRef = 4EDAFC9526E1A51B007978C3 /* BelajarQRCodeScanGenerateUITests.swift */; };
		4EDAFCA426E1A548007978C3 /* ScannerViewController.swift in Sources */ = {isa = PBXBuildFile; fileRef = 4EDAFCA326E1A548007978C3 /* ScannerViewController.swift */; };
/* End PBXBuildFile section */

/* Begin PBXContainerItemProxy section */
		4EDAFC8726E1A51B007978C3 /* PBXContainerItemProxy */ = {
			isa = PBXContainerItemProxy;
			containerPortal = 4EDAFC6826E1A519007978C3 /* Project object */;
			proxyType = 1;
			remoteGlobalIDString = 4EDAFC6F26E1A51A007978C3;
			remoteInfo = BelajarQRCodeScanGenerate;
		};
		4EDAFC9226E1A51B007978C3 /* PBXContainerItemProxy */ = {
			isa = PBXContainerItemProxy;
			containerPortal = 4EDAFC6826E1A519007978C3 /* Project object */;
			proxyType = 1;
			remoteGlobalIDString = 4EDAFC6F26E1A51A007978C3;
			remoteInfo = BelajarQRCodeScanGenerate;
		};
/* End PBXContainerItemProxy section */

/* Begin PBXFileReference section */
		4EDAFC7026E1A51A007978C3 /* BelajarQRCodeScanGenerate.app */ = {isa = PBXFileReference; explicitFileType = wrapper.application; includeInIndex = 0; path = BelajarQRCodeScanGenerate.app; sourceTree = BUILT_PRODUCTS_DIR; };
		4EDAFC7326E1A51A007978C3 /* AppDelegate.swift */ = {isa = PBXFileReference; lastKnownFileType = sourcecode.swift; path = AppDelegate.swift; sourceTree = "<group>"; };
		4EDAFC7526E1A51A007978C3 /* SceneDelegate.swift */ = {isa = PBXFileReference; lastKnownFileType = sourcecode.swift; path = SceneDelegate.swift; sourceTree = "<group>"; };
		4EDAFC7726E1A51A007978C3 /* ViewController.swift */ = {isa = PBXFileReference; lastKnownFileType = sourcecode.swift; path = ViewController.swift; sourceTree = "<group>"; };
		4EDAFC7A26E1A51A007978C3 /* Base */ = {isa = PBXFileReference; lastKnownFileType = file.storyboard; name = Base; path = Base.lproj/Main.storyboard; sourceTree = "<group>"; };
		4EDAFC7C26E1A51A007978C3 /* Assets.xcassets */ = {isa = PBXFileReference; lastKnownFileType = folder.assetcatalog; path = Assets.xcassets; sourceTree = "<group>"; };
		4EDAFC7F26E1A51A007978C3 /* Base */ = {isa = PBXFileReference; lastKnownFileType = file.storyboard; name = Base; path = Base.lproj/LaunchScreen.storyboard; sourceTree = "<group>"; };
		4EDAFC8126E1A51A007978C3 /* Info.plist */ = {isa = PBXFileReference; lastKnownFileType = text.plist.xml; path = Info.plist; sourceTree = "<group>"; };
		4EDAFC8626E1A51B007978C3 /* BelajarQRCodeScanGenerateTests.xctest */ = {isa = PBXFileReference; explicitFileType = wrapper.cfbundle; includeInIndex = 0; path = BelajarQRCodeScanGenerateTests.xctest; sourceTree = BUILT_PRODUCTS_DIR; };
		4EDAFC8A26E1A51B007978C3 /* BelajarQRCodeScanGenerateTests.swift */ = {isa = PBXFileReference; lastKnownFileType = sourcecode.swift; path = BelajarQRCodeScanGenerateTests.swift; sourceTree = "<group>"; };
		4EDAFC8C26E1A51B007978C3 /* Info.plist */ = {isa = PBXFileReference; lastKnownFileType = text.plist.xml; path = Info.plist; sourceTree = "<group>"; };
		4EDAFC9126E1A51B007978C3 /* BelajarQRCodeScanGenerateUITests.xctest */ = {isa = PBXFileReference; explicitFileType = wrapper.cfbundle; includeInIndex = 0; path = BelajarQRCodeScanGenerateUITests.xctest; sourceTree = BUILT_PRODUCTS_DIR; };
		4EDAFC9526E1A51B007978C3 /* BelajarQRCodeScanGenerateUITests.swift */ = {isa = PBXFileReference; lastKnownFileType = sourcecode.swift; path = BelajarQRCodeScanGenerateUITests.swift; sourceTree = "<group>"; };
		4EDAFC9726E1A51B007978C3 /* Info.plist */ = {isa = PBXFileReference; lastKnownFileType = text.plist.xml; path = Info.plist; sourceTree = "<group>"; };
		4EDAFCA326E1A548007978C3 /* ScannerViewController.swift */ = {isa = PBXFileReference; lastKnownFileType = sourcecode.swift; path = ScannerViewController.swift; sourceTree = "<group>"; };
/* End PBXFileReference section */

/* Begin PBXFrameworksBuildPhase section */
		4EDAFC6D26E1A51A007978C3 /* Frameworks */ = {
			isa = PBXFrameworksBuildPhase;
			buildActionMask = 2147483647;
			files = (
			);
			runOnlyForDeploymentPostprocessing = 0;
		};
		4EDAFC8326E1A51A007978C3 /* Frameworks */ = {
			isa = PBXFrameworksBuildPhase;
			buildActionMask = 2147483647;
			files = (
			);
			runOnlyForDeploymentPostprocessing = 0;
		};
		4EDAFC8E26E1A51B007978C3 /* Frameworks */ = {
			isa = PBXFrameworksBuildPhase;
			buildActionMask = 2147483647;
			files = (
			);
			runOnlyForDeploymentPostprocessing = 0;
		};
/* End PBXFrameworksBuildPhase section */

/* Begin PBXGroup section */
		4EDAFC6726E1A519007978C3 = {
			isa = PBXGroup;
			children = (
				4EDAFC7226E1A51A007978C3 /* BelajarQRCodeScanGenerate */,
				4EDAFC8926E1A51B007978C3 /* BelajarQRCodeScanGenerateTests */,
				4EDAFC9426E1A51B007978C3 /* BelajarQRCodeScanGenerateUITests */,
				4EDAFC7126E1A51A007978C3 /* Products */,
			);
			sourceTree = "<group>";
		};
		4EDAFC7126E1A51A007978C3 /* Products */ = {
			isa = PBXGroup;
			children = (
				4EDAFC7026E1A51A007978C3 /* BelajarQRCodeScanGenerate.app */,
				4EDAFC8626E1A51B007978C3 /* BelajarQRCodeScanGenerateTests.xctest */,
				4EDAFC9126E1A51B007978C3 /* BelajarQRCodeScanGenerateUITests.xctest */,
			);
			name = Products;
			sourceTree = "<group>";
		};
		4EDAFC7226E1A51A007978C3 /* BelajarQRCodeScanGenerate */ = {
			isa = PBXGroup;
			children = (
				4EDAFC7326E1A51A007978C3 /* AppDelegate.swift */,
				4EDAFC7526E1A51A007978C3 /* SceneDelegate.swift */,
				4EDAFC7726E1A51A007978C3 /* ViewController.swift */,
				4EDAFCA326E1A548007978C3 /* ScannerViewController.swift */,
				4EDAFC7926E1A51A007978C3 /* Main.storyboard */,
				4EDAFC7C26E1A51A007978C3 /* Assets.xcassets */,
				4EDAFC7E26E1A51A007978C3 /* LaunchScreen.storyboard */,
				4EDAFC8126E1A51A007978C3 /* Info.plist */,
			);
			path = BelajarQRCodeScanGenerate;
			sourceTree = "<group>";
		};
		4EDAFC8926E1A51B007978C3 /* BelajarQRCodeScanGenerateTests */ = {
			isa = PBXGroup;
			children = (
				4EDAFC8A26E1A51B007978C3 /* BelajarQRCodeScanGenerateTests.swift */,
				4EDAFC8C26E1A51B007978C3 /* Info.plist */,
			);
			path = BelajarQRCodeScanGenerateTests;
			sourceTree = "<group>";
		};
		4EDAFC9426E1A51B007978C3 /* BelajarQRCodeScanGenerateUITests */ = {
			isa = PBXGroup;
			children = (
				4EDAFC9526E1A51B007978C3 /* BelajarQRCodeScanGenerateUITests.swift */,
				4EDAFC9726E1A51B007978C3 /* Info.plist */,
			);
			path = BelajarQRCodeScanGenerateUITests;
			sourceTree = "<group>";
		};
/* End PBXGroup section */

/* Begin PBXNativeTarget section */
		4EDAFC6F26E1A51A007978C3 /* BelajarQRCodeScanGenerate */ = {
			isa = PBXNativeTarget;
			buildConfigurationList = 4EDAFC9A26E1A51B007978C3 /* Build configuration list for PBXNativeTarget "BelajarQRCodeScanGenerate" */;
			buildPhases = (
				4EDAFC6C26E1A51A007978C3 /* Sources */,
				4EDAFC6D26E1A51A007978C3 /* Frameworks */,
				4EDAFC6E26E1A51A007978C3 /* Resources */,
			);
			buildRules = (
			);
			dependencies = (
			);
			name = BelajarQRCodeScanGenerate;
			productName = BelajarQRCodeScanGenerate;
			productReference = 4EDAFC7026E1A51A007978C3 /* BelajarQRCodeScanGenerate.app */;
			productType = "com.apple.product-type.application";
		};
		4EDAFC8526E1A51A007978C3 /* BelajarQRCodeScanGenerateTests */ = {
			isa = PBXNativeTarget;
			buildConfigurationList = 4EDAFC9D26E1A51B007978C3 /* Build configuration list for PBXNativeTarget "BelajarQRCodeScanGenerateTests" */;
			buildPhases = (
				4EDAFC8226E1A51A007978C3 /* Sources */,
				4EDAFC8326E1A51A007978C3 /* Frameworks */,
				4EDAFC8426E1A51A007978C3 /* Resources */,
			);
			buildRules = (
			);
			dependencies = (
				4EDAFC8826E1A51B007978C3 /* PBXTargetDependency */,
			);
			name = BelajarQRCodeScanGenerateTests;
			productName = BelajarQRCodeScanGenerateTests;
			productReference = 4EDAFC8626E1A51B007978C3 /* BelajarQRCodeScanGenerateTests.xctest */;
			productType = "com.apple.product-type.bundle.unit-test";
		};
		4EDAFC9026E1A51B007978C3 /* BelajarQRCodeScanGenerateUITests */ = {
			isa = PBXNativeTarget;
			buildConfigurationList = 4EDAFCA026E1A51B007978C3 /* Build configuration list for PBXNativeTarget "BelajarQRCodeScanGenerateUITests" */;
			buildPhases = (
				4EDAFC8D26E1A51B007978C3 /* Sources */,
				4EDAFC8E26E1A51B007978C3 /* Frameworks */,
				4EDAFC8F26E1A51B007978C3 /* Resources */,
			);
			buildRules = (
			);
			dependencies = (
				4EDAFC9326E1A51B007978C3 /* PBXTargetDependency */,
			);
			name = BelajarQRCodeScanGenerateUITests;
			productName = BelajarQRCodeScanGenerateUITests;
			productReference = 4EDAFC9126E1A51B007978C3 /* BelajarQRCodeScanGenerateUITests.xctest */;
			productType = "com.apple.product-type.bundle.ui-testing";
		};
/* End PBXNativeTarget section */

/* Begin PBXProject section */
		4EDAFC6826E1A519007978C3 /* Project object */ = {
			isa = PBXProject;
			attributes = {
				LastSwiftUpdateCheck = 1250;
				LastUpgradeCheck = 1250;
				TargetAttributes = {
					4EDAFC6F26E1A51A007978C3 = {
						CreatedOnToolsVersion = 12.5.1;
					};
					4EDAFC8526E1A51A007978C3 = {
						CreatedOnToolsVersion = 12.5.1;
						TestTargetID = 4EDAFC6F26E1A51A007978C3;
					};
					4EDAFC9026E1A51B007978C3 = {
						CreatedOnToolsVersion = 12.5.1;
						TestTargetID = 4EDAFC6F26E1A51A007978C3;
					};
				};
			};
			buildConfigurationList = 4EDAFC6B26E1A519007978C3 /* Build configuration list for PBXProject "BelajarQRCodeScanGenerate" */;
			compatibilityVersion = "Xcode 9.3";
			developmentRegion = en;
			hasScannedForEncodings = 0;
			knownRegions = (
				en,
				Base,
			);
			mainGroup = 4EDAFC6726E1A519007978C3;
			productRefGroup = 4EDAFC7126E1A51A007978C3 /* Products */;
			projectDirPath = "";
			projectRoot = "";
			targets = (
				4EDAFC6F26E1A51A007978C3 /* BelajarQRCodeScanGenerate */,
				4EDAFC8526E1A51A007978C3 /* BelajarQRCodeScanGenerateTests */,
				4EDAFC9026E1A51B007978C3 /* BelajarQRCodeScanGenerateUITests */,
			);
		};
/* End PBXProject section */

/* Begin PBXResourcesBuildPhase section */
		4EDAFC6E26E1A51A007978C3 /* Resources */ = {
			isa = PBXResourcesBuildPhase;
			buildActionMask = 2147483647;
			files = (
				4EDAFC8026E1A51A007978C3 /* LaunchScreen.storyboard in Resources */,
				4EDAFC7D26E1A51A007978C3 /* Assets.xcassets in Resources */,
				4EDAFC7B26E1A51A007978C3 /* Main.storyboard in Resources */,
			);
			runOnlyForDeploymentPostprocessing = 0;
		};
		4EDAFC8426E1A51A007978C3 /* Resources */ = {
			isa = PBXResourcesBuildPhase;
			buildActionMask = 2147483647;
			files = (
			);
			runOnlyForDeploymentPostprocessing = 0;
		};
		4EDAFC8F26E1A51B007978C3 /* Resources */ = {
			isa = PBXResourcesBuildPhase;
			buildActionMask = 2147483647;
			files = (
			);
			runOnlyForDeploymentPostprocessing = 0;
		};
/* End PBXResourcesBuildPhase section */

/* Begin PBXSourcesBuildPhase section */
		4EDAFC6C26E1A51A007978C3 /* Sources */ = {
			isa = PBXSourcesBuildPhase;
			buildActionMask = 2147483647;
			files = (
				4EDAFC7826E1A51A007978C3 /* ViewController.swift in Sources */,
				4EDAFC7426E1A51A007978C3 /* AppDelegate.swift in Sources */,
				4EDAFC7626E1A51A007978C3 /* SceneDelegate.swift in Sources */,
				4EDAFCA426E1A548007978C3 /* ScannerViewController.swift in Sources */,
			);
			runOnlyForDeploymentPostprocessing = 0;
		};
		4EDAFC8226E1A51A007978C3 /* Sources */ = {
			isa = PBXSourcesBuildPhase;
			buildActionMask = 2147483647;
			files = (
				4EDAFC8B26E1A51B007978C3 /* BelajarQRCodeScanGenerateTests.swift in Sources */,
			);
			runOnlyForDeploymentPostprocessing = 0;
		};
		4EDAFC8D26E1A51B007978C3 /* Sources */ = {
			isa = PBXSourcesBuildPhase;
			buildActionMask = 2147483647;
			files = (
				4EDAFC9626E1A51B007978C3 /* BelajarQRCodeScanGenerateUITests.swift in Sources */,
			);
			runOnlyForDeploymentPostprocessing = 0;
		};
/* End PBXSourcesBuildPhase section */

/* Begin PBXTargetDependency section */
		4EDAFC8826E1A51B007978C3 /* PBXTargetDependency */ = {
			isa = PBXTargetDependency;
			target = 4EDAFC6F26E1A51A007978C3 /* BelajarQRCodeScanGenerate */;
			targetProxy = 4EDAFC8726E1A51B007978C3 /* PBXContainerItemProxy */;
		};
		4EDAFC9326E1A51B007978C3 /* PBXTargetDependency */ = {
			isa = PBXTargetDependency;
			target = 4EDAFC6F26E1A51A007978C3 /* BelajarQRCodeScanGenerate */;
			targetProxy = 4EDAFC9226E1A51B007978C3 /* PBXContainerItemProxy */;
		};
/* End PBXTargetDependency section */

/* Begin PBXVariantGroup section */
		4EDAFC7926E1A51A007978C3 /* Main.storyboard */ = {
			isa = PBXVariantGroup;
			children = (
				4EDAFC7A26E1A51A007978C3 /* Base */,
			);
			name = Main.storyboard;
			sourceTree = "<group>";
		};
		4EDAFC7E26E1A51A007978C3 /* LaunchScreen.storyboard */ = {
			isa = PBXVariantGroup;
			children = (
				4EDAFC7F26E1A51A007978C3 /* Base */,
			);
			name = LaunchScreen.storyboard;
			sourceTree = "<group>";
		};
/* End PBXVariantGroup section */

/* Begin XCBuildConfiguration section */
		4EDAFC9826E1A51B007978C3 /* Debug */ = {
			isa = XCBuildConfiguration;
			buildSettings = {
				ALWAYS_SEARCH_USER_PATHS = NO;
				CLANG_ANALYZER_NONNULL = YES;
				CLANG_ANALYZER_NUMBER_OBJECT_CONVERSION = YES_AGGRESSIVE;
				CLANG_CXX_LANGUAGE_STANDARD = "gnu++14";
				CLANG_CXX_LIBRARY = "libc++";
				CLANG_ENABLE_MODULES = YES;
				CLANG_ENABLE_OBJC_ARC = YES;
				CLANG_ENABLE_OBJC_WEAK = YES;
				CLANG_WARN_BLOCK_CAPTURE_AUTORELEASING = YES;
				CLANG_WARN_BOOL_CONVERSION = YES;
				CLANG_WARN_COMMA = YES;
				CLANG_WARN_CONSTANT_CONVERSION = YES;
				CLANG_WARN_DEPRECATED_OBJC_IMPLEMENTATIONS = YES;
				CLANG_WARN_DIRECT_OBJC_ISA_USAGE = YES_ERROR;
				CLANG_WARN_DOCUMENTATION_COMMENTS = YES;
				CLANG_WARN_EMPTY_BODY = YES;
				CLANG_WARN_ENUM_CONVERSION = YES;
				CLANG_WARN_INFINITE_RECURSION = YES;
				CLANG_WARN_INT_CONVERSION = YES;
				CLANG_WARN_NON_LITERAL_NULL_CONVERSION = YES;
				CLANG_WARN_OBJC_IMPLICIT_RETAIN_SELF = YES;
				CLANG_WARN_OBJC_LITERAL_CONVERSION = YES;
				CLANG_WARN_OBJC_ROOT_CLASS = YES_ERROR;
				CLANG_WARN_QUOTED_INCLUDE_IN_FRAMEWORK_HEADER = YES;
				CLANG_WARN_RANGE_LOOP_ANALYSIS = YES;
				CLANG_WARN_STRICT_PROTOTYPES = YES;
				CLANG_WARN_SUSPICIOUS_MOVE = YES;
				CLANG_WARN_UNGUARDED_AVAILABILITY = YES_AGGRESSIVE;
				CLANG_WARN_UNREACHABLE_CODE = YES;
				CLANG_WARN__DUPLICATE_METHOD_MATCH = YES;
				COPY_PHASE_STRIP = NO;
				DEBUG_INFORMATION_FORMAT = dwarf;
				ENABLE_STRICT_OBJC_MSGSEND = YES;
				ENABLE_TESTABILITY = YES;
				GCC_C_LANGUAGE_STANDARD = gnu11;
				GCC_DYNAMIC_NO_PIC = NO;
				GCC_NO_COMMON_BLOCKS = YES;
				GCC_OPTIMIZATION_LEVEL = 0;
				GCC_PREPROCESSOR_DEFINITIONS = (
					"DEBUG=1",
					"$(inherited)",
				);
				GCC_WARN_64_TO_32_BIT_CONVERSION = YES;
				GCC_WARN_ABOUT_RETURN_TYPE = YES_ERROR;
				GCC_WARN_UNDECLARED_SELECTOR = YES;
				GCC_WARN_UNINITIALIZED_AUTOS = YES_AGGRESSIVE;
				GCC_WARN_UNUSED_FUNCTION = YES;
				GCC_WARN_UNUSED_VARIABLE = YES;
				IPHONEOS_DEPLOYMENT_TARGET = 14.5;
				MTL_ENABLE_DEBUG_INFO = INCLUDE_SOURCE;
				MTL_FAST_MATH = YES;
				ONLY_ACTIVE_ARCH = YES;
				SDKROOT = iphoneos;
				SWIFT_ACTIVE_COMPILATION_CONDITIONS = DEBUG;
				SWIFT_OPTIMIZATION_LEVEL = "-Onone";
			};
			name = Debug;
		};
		4EDAFC9926E1A51B007978C3 /* Release */ = {
			isa = XCBuildConfiguration;
			buildSettings = {
				ALWAYS_SEARCH_USER_PATHS = NO;
				CLANG_ANALYZER_NONNULL = YES;
				CLANG_ANALYZER_NUMBER_OBJECT_CONVERSION = YES_AGGRESSIVE;
				CLANG_CXX_LANGUAGE_STANDARD = "gnu++14";
				CLANG_CXX_LIBRARY = "libc++";
				CLANG_ENABLE_MODULES = YES;
				CLANG_ENABLE_OBJC_ARC = YES;
				CLANG_ENABLE_OBJC_WEAK = YES;
				CLANG_WARN_BLOCK_CAPTURE_AUTORELEASING = YES;
				CLANG_WARN_BOOL_CONVERSION = YES;
				CLANG_WARN_COMMA = YES;
				CLANG_WARN_CONSTANT_CONVERSION = YES;
				CLANG_WARN_DEPRECATED_OBJC_IMPLEMENTATIONS = YES;
				CLANG_WARN_DIRECT_OBJC_ISA_USAGE = YES_ERROR;
				CLANG_WARN_DOCUMENTATION_COMMENTS = YES;
				CLANG_WARN_EMPTY_BODY = YES;
				CLANG_WARN_ENUM_CONVERSION = YES;
				CLANG_WARN_INFINITE_RECURSION = YES;
				CLANG_WARN_INT_CONVERSION = YES;
				CLANG_WARN_NON_LITERAL_NULL_CONVERSION = YES;
				CLANG_WARN_OBJC_IMPLICIT_RETAIN_SELF = YES;
				CLANG_WARN_OBJC_LITERAL_CONVERSION = YES;
				CLANG_WARN_OBJC_ROOT_CLASS = YES_ERROR;
				CLANG_WARN_QUOTED_INCLUDE_IN_FRAMEWORK_HEADER = YES;
				CLANG_WARN_RANGE_LOOP_ANALYSIS = YES;
				CLANG_WARN_STRICT_PROTOTYPES = YES;
				CLANG_WARN_SUSPICIOUS_MOVE = YES;
				CLANG_WARN_UNGUARDED_AVAILABILITY = YES_AGGRESSIVE;
				CLANG_WARN_UNREACHABLE_CODE = YES;
				CLANG_WARN__DUPLICATE_METHOD_MATCH = YES;
				COPY_PHASE_STRIP = NO;
				DEBUG_INFORMATION_FORMAT = "dwarf-with-dsym";
				ENABLE_NS_ASSERTIONS = NO;
				ENABLE_STRICT_OBJC_MSGSEND = YES;
				GCC_C_LANGUAGE_STANDARD = gnu11;
				GCC_NO_COMMON_BLOCKS = YES;
				GCC_WARN_64_TO_32_BIT_CONVERSION = YES;
				GCC_WARN_ABOUT_RETURN_TYPE = YES_ERROR;
				GCC_WARN_UNDECLARED_SELECTOR = YES;
				GCC_WARN_UNINITIALIZED_AUTOS = YES_AGGRESSIVE;
				GCC_WARN_UNUSED_FUNCTION = YES;
				GCC_WARN_UNUSED_VARIABLE = YES;
				IPHONEOS_DEPLOYMENT_TARGET = 14.5;
				MTL_ENABLE_DEBUG_INFO = NO;
				MTL_FAST_MATH = YES;
				SDKROOT = iphoneos;
				SWIFT_COMPILATION_MODE = wholemodule;
				SWIFT_OPTIMIZATION_LEVEL = "-O";
				VALIDATE_PRODUCT = YES;
			};
			name = Release;
		};
		4EDAFC9B26E1A51B007978C3 /* Debug */ = {
			isa = XCBuildConfiguration;
			buildSettings = {
				ASSETCATALOG_COMPILER_APPICON_NAME = AppIcon;
				ASSETCATALOG_COMPILER_GLOBAL_ACCENT_COLOR_NAME = AccentColor;
				CODE_SIGN_STYLE = Automatic;
				DEVELOPMENT_TEAM = 85YSJX97S8;
				INFOPLIST_FILE = BelajarQRCodeScanGenerate/Info.plist;
				LD_RUNPATH_SEARCH_PATHS = (
					"$(inherited)",
					"@executable_path/Frameworks",
				);
				PRODUCT_BUNDLE_IDENTIFIER = com.MuhammadRajab.BelajarQRCodeScanGenerate;
				PRODUCT_NAME = "$(TARGET_NAME)";
				SWIFT_VERSION = 5.0;
				TARGETED_DEVICE_FAMILY = 1;
			};
			name = Debug;
		};
		4EDAFC9C26E1A51B007978C3 /* Release */ = {
			isa = XCBuildConfiguration;
			buildSettings = {
				ASSETCATALOG_COMPILER_APPICON_NAME = AppIcon;
				ASSETCATALOG_COMPILER_GLOBAL_ACCENT_COLOR_NAME = AccentColor;
				CODE_SIGN_STYLE = Automatic;
				DEVELOPMENT_TEAM = 85YSJX97S8;
				INFOPLIST_FILE = BelajarQRCodeScanGenerate/Info.plist;
				LD_RUNPATH_SEARCH_PATHS = (
					"$(inherited)",
					"@executable_path/Frameworks",
				);
				PRODUCT_BUNDLE_IDENTIFIER = com.MuhammadRajab.BelajarQRCodeScanGenerate;
				PRODUCT_NAME = "$(TARGET_NAME)";
				SWIFT_VERSION = 5.0;
				TARGETED_DEVICE_FAMILY = 1;
			};
			name = Release;
		};
		4EDAFC9E26E1A51B007978C3 /* Debug */ = {
			isa = XCBuildConfiguration;
			buildSettings = {
				ALWAYS_EMBED_SWIFT_STANDARD_LIBRARIES = YES;
				BUNDLE_LOADER = "$(TEST_HOST)";
				CODE_SIGN_STYLE = Automatic;
				DEVELOPMENT_TEAM = 85YSJX97S8;
				INFOPLIST_FILE = BelajarQRCodeScanGenerateTests/Info.plist;
				IPHONEOS_DEPLOYMENT_TARGET = 14.5;
				LD_RUNPATH_SEARCH_PATHS = (
					"$(inherited)",
					"@executable_path/Frameworks",
					"@loader_path/Frameworks",
				);
				PRODUCT_BUNDLE_IDENTIFIER = com.MuhammadRajab.BelajarQRCodeScanGenerateTests;
				PRODUCT_NAME = "$(TARGET_NAME)";
				SWIFT_VERSION = 5.0;
				TARGETED_DEVICE_FAMILY = "1,2";
				TEST_HOST = "$(BUILT_PRODUCTS_DIR)/BelajarQRCodeScanGenerate.app/BelajarQRCodeScanGenerate";
			};
			name = Debug;
		};
		4EDAFC9F26E1A51B007978C3 /* Release */ = {
			isa = XCBuildConfiguration;
			buildSettings = {
				ALWAYS_EMBED_SWIFT_STANDARD_LIBRARIES = YES;
				BUNDLE_LOADER = "$(TEST_HOST)";
				CODE_SIGN_STYLE = Automatic;
				DEVELOPMENT_TEAM = 85YSJX97S8;
				INFOPLIST_FILE = BelajarQRCodeScanGenerateTests/Info.plist;
				IPHONEOS_DEPLOYMENT_TARGET = 14.5;
				LD_RUNPATH_SEARCH_PATHS = (
					"$(inherited)",
					"@executable_path/Frameworks",
					"@loader_path/Frameworks",
				);
				PRODUCT_BUNDLE_IDENTIFIER = com.MuhammadRajab.BelajarQRCodeScanGenerateTests;
				PRODUCT_NAME = "$(TARGET_NAME)";
				SWIFT_VERSION = 5.0;
				TARGETED_DEVICE_FAMILY = "1,2";
				TEST_HOST = "$(BUILT_PRODUCTS_DIR)/BelajarQRCodeScanGenerate.app/BelajarQRCodeScanGenerate";
			};
			name = Release;
		};
		4EDAFCA126E1A51B007978C3 /* Debug */ = {
			isa = XCBuildConfiguration;
			buildSettings = {
				ALWAYS_EMBED_SWIFT_STANDARD_LIBRARIES = YES;
				CODE_SIGN_STYLE = Automatic;
				DEVELOPMENT_TEAM = 85YSJX97S8;
				INFOPLIST_FILE = BelajarQRCodeScanGenerateUITests/Info.plist;
				LD_RUNPATH_SEARCH_PATHS = (
					"$(inherited)",
					"@executable_path/Frameworks",
					"@loader_path/Frameworks",
				);
				PRODUCT_BUNDLE_IDENTIFIER = com.MuhammadRajab.BelajarQRCodeScanGenerateUITests;
				PRODUCT_NAME = "$(TARGET_NAME)";
				SWIFT_VERSION = 5.0;
				TARGETED_DEVICE_FAMILY = "1,2";
				TEST_TARGET_NAME = BelajarQRCodeScanGenerate;
			};
			name = Debug;
		};
		4EDAFCA226E1A51B007978C3 /* Release */ = {
			isa = XCBuildConfiguration;
			buildSettings = {
				ALWAYS_EMBED_SWIFT_STANDARD_LIBRARIES = YES;
				CODE_SIGN_STYLE = Automatic;
				DEVELOPMENT_TEAM = 85YSJX97S8;
				INFOPLIST_FILE = BelajarQRCodeScanGenerateUITests/Info.plist;
				LD_RUNPATH_SEARCH_PATHS = (
					"$(inherited)",
					"@executable_path/Frameworks",
					"@loader_path/Frameworks",
				);
				PRODUCT_BUNDLE_IDENTIFIER = com.MuhammadRajab.BelajarQRCodeScanGenerateUITests;
				PRODUCT_NAME = "$(TARGET_NAME)";
				SWIFT_VERSION = 5.0;
				TARGETED_DEVICE_FAMILY = "1,2";
				TEST_TARGET_NAME = BelajarQRCodeScanGenerate;
			};
			name = Release;
		};
/* End XCBuildConfiguration section */

/* Begin XCConfigurationList section */
		4EDAFC6B26E1A519007978C3 /* Build configuration list for PBXProject "BelajarQRCodeScanGenerate" */ = {
			isa = XCConfigurationList;
			buildConfigurations = (
				4EDAFC9826E1A51B007978C3 /* Debug */,
				4EDAFC9926E1A51B007978C3 /* Release */,
			);
			defaultConfigurationIsVisible = 0;
			defaultConfigurationName = Release;
		};
		4EDAFC9A26E1A51B007978C3 /* Build configuration list for PBXNativeTarget "BelajarQRCodeScanGenerate" */ = {
			isa = XCConfigurationList;
			buildConfigurations = (
				4EDAFC9B26E1A51B007978C3 /* Debug */,
				4EDAFC9C26E1A51B007978C3 /* Release */,
			);
			defaultConfigurationIsVisible = 0;
			defaultConfigurationName = Release;
		};
		4EDAFC9D26E1A51B007978C3 /* Build configuration list for PBXNativeTarget "BelajarQRCodeScanGenerateTests" */ = {
			isa = XCConfigurationList;
			buildConfigurations = (
				4EDAFC9E26E1A51B007978C3 /* Debug */,
				4EDAFC9F26E1A51B007978C3 /* Release */,
			);
			defaultConfigurationIsVisible = 0;
			defaultConfigurationName = Release;
		};
		4EDAFCA026E1A51B007978C3 /* Build configuration list for PBXNativeTarget "BelajarQRCodeScanGenerateUITests" */ = {
			isa = XCConfigurationList;
			buildConfigurations = (
				4EDAFCA126E1A51B007978C3 /* Debug */,
				4EDAFCA226E1A51B007978C3 /* Release */,
			);
			defaultConfigurationIsVisible = 0;
			defaultConfigurationName = Release;
		};
/* End XCConfigurationList section */
	};
	rootObject = 4EDAFC6826E1A519007978C3 /* Project object */;
}
